// !$*UTF8*$!
{
	archiveVersion = 1;
	classes = {
	};
	objectVersion = 46;
	objects = {

/* Begin PBXBuildFile section */
		685FC52A1C7BDDCF00F562C0 /* AppDelegate.swift in Sources */ = {isa = PBXBuildFile; fileRef = 685FC5291C7BDDCF00F562C0 /* AppDelegate.swift */; };
		685FC52F1C7BDDCF00F562C0 /* Main.storyboard in Resources */ = {isa = PBXBuildFile; fileRef = 685FC52D1C7BDDCF00F562C0 /* Main.storyboard */; };
		685FC5311C7BDDCF00F562C0 /* Assets.xcassets in Resources */ = {isa = PBXBuildFile; fileRef = 685FC5301C7BDDCF00F562C0 /* Assets.xcassets */; };
		685FC5341C7BDDCF00F562C0 /* LaunchScreen.storyboard in Resources */ = {isa = PBXBuildFile; fileRef = 685FC5321C7BDDCF00F562C0 /* LaunchScreen.storyboard */; };
		685FC53D1C7BDE2100F562C0 /* CAPSPageMenu.swift in Sources */ = {isa = PBXBuildFile; fileRef = 685FC53C1C7BDE2100F562C0 /* CAPSPageMenu.swift */; };
		685FC5441C7BDEDA00F562C0 /* HNTopTableViewController.swift in Sources */ = {isa = PBXBuildFile; fileRef = 685FC5431C7BDEDA00F562C0 /* HNTopTableViewController.swift */; };
		685FC5461C7BDF2E00F562C0 /* HNTopTableView.xib in Resources */ = {isa = PBXBuildFile; fileRef = 685FC5451C7BDF2E00F562C0 /* HNTopTableView.xib */; };
		685FC54A1C7BE05900F562C0 /* NewsTableViewCell.swift in Sources */ = {isa = PBXBuildFile; fileRef = 685FC5491C7BE05900F562C0 /* NewsTableViewCell.swift */; };
		685FC54E1C7D250F00F562C0 /* HNNewTableViewController.swift in Sources */ = {isa = PBXBuildFile; fileRef = 685FC54D1C7D250F00F562C0 /* HNNewTableViewController.swift */; };
		685FC5501C7D252100F562C0 /* HNNewTableView.xib in Resources */ = {isa = PBXBuildFile; fileRef = 685FC54F1C7D252100F562C0 /* HNNewTableView.xib */; };
		685FC5521C7D346400F562C0 /* HNAskTableView.xib in Resources */ = {isa = PBXBuildFile; fileRef = 685FC5511C7D346400F562C0 /* HNAskTableView.xib */; };
		685FC5541C7D347E00F562C0 /* HNAskTableViewController.swift in Sources */ = {isa = PBXBuildFile; fileRef = 685FC5531C7D347E00F562C0 /* HNAskTableViewController.swift */; };
		685FC5561C7D34A700F562C0 /* HNShowTableViewController.swift in Sources */ = {isa = PBXBuildFile; fileRef = 685FC5551C7D34A700F562C0 /* HNShowTableViewController.swift */; };
		685FC55A1C7D34D200F562C0 /* HNShowTableView.xib in Resources */ = {isa = PBXBuildFile; fileRef = 685FC5591C7D34D200F562C0 /* HNShowTableView.xib */; };
		685FC55C1C7D34EB00F562C0 /* HNJobTableView.xib in Resources */ = {isa = PBXBuildFile; fileRef = 685FC55B1C7D34EB00F562C0 /* HNJobTableView.xib */; };
		685FC5601C7D49E600F562C0 /* HNSavedTableView.xib in Resources */ = {isa = PBXBuildFile; fileRef = 685FC55F1C7D49E600F562C0 /* HNSavedTableView.xib */; };
		685FC5631C7E901F00F562C0 /* HNData.swift in Sources */ = {isa = PBXBuildFile; fileRef = 685FC5621C7E901F00F562C0 /* HNData.swift */; };
		68B612DD1C8249E100873365 /* HNJobTableViewController.swift in Sources */ = {isa = PBXBuildFile; fileRef = 68B612DC1C8249E100873365 /* HNJobTableViewController.swift */; };
		68B612DF1C8249EC00873365 /* HNMainViewController.swift in Sources */ = {isa = PBXBuildFile; fileRef = 68B612DE1C8249EC00873365 /* HNMainViewController.swift */; };
		68B612E11C824A0900873365 /* NewsTableViewCell.xib in Resources */ = {isa = PBXBuildFile; fileRef = 68B612E01C824A0900873365 /* NewsTableViewCell.xib */; };
		68B612E51C824C5C00873365 /* main.png in Resources */ = {isa = PBXBuildFile; fileRef = 68B612E31C824C5C00873365 /* main.png */; };
		68B612E61C824C5C00873365 /* safari.png in Resources */ = {isa = PBXBuildFile; fileRef = 68B612E41C824C5C00873365 /* safari.png */; };
		885E1712F0B15486793512F8 /* Pods_HNews.framework in Frameworks */ = {isa = PBXBuildFile; fileRef = 80776AD98A53656BE818E820 /* Pods_HNews.framework */; };
/* End PBXBuildFile section */

/* Begin PBXFileReference section */
		685FC5261C7BDDCF00F562C0 /* HNews.app */ = {isa = PBXFileReference; explicitFileType = wrapper.application; includeInIndex = 0; path = HNews.app; sourceTree = BUILT_PRODUCTS_DIR; };
		685FC5291C7BDDCF00F562C0 /* AppDelegate.swift */ = {isa = PBXFileReference; lastKnownFileType = sourcecode.swift; path = AppDelegate.swift; sourceTree = "<group>"; };
		685FC52E1C7BDDCF00F562C0 /* Base */ = {isa = PBXFileReference; lastKnownFileType = file.storyboard; name = Base; path = Base.lproj/Main.storyboard; sourceTree = "<group>"; };
		685FC5301C7BDDCF00F562C0 /* Assets.xcassets */ = {isa = PBXFileReference; lastKnownFileType = folder.assetcatalog; path = Assets.xcassets; sourceTree = "<group>"; };
		685FC5331C7BDDCF00F562C0 /* Base */ = {isa = PBXFileReference; lastKnownFileType = file.storyboard; name = Base; path = Base.lproj/LaunchScreen.storyboard; sourceTree = "<group>"; };
		685FC5351C7BDDCF00F562C0 /* Info.plist */ = {isa = PBXFileReference; lastKnownFileType = text.plist.xml; path = Info.plist; sourceTree = "<group>"; };
		685FC53C1C7BDE2100F562C0 /* CAPSPageMenu.swift */ = {isa = PBXFileReference; fileEncoding = 4; lastKnownFileType = sourcecode.swift; path = CAPSPageMenu.swift; sourceTree = "<group>"; };
		685FC5431C7BDEDA00F562C0 /* HNTopTableViewController.swift */ = {isa = PBXFileReference; fileEncoding = 4; lastKnownFileType = sourcecode.swift; path = HNTopTableViewController.swift; sourceTree = "<group>"; };
		685FC5451C7BDF2E00F562C0 /* HNTopTableView.xib */ = {isa = PBXFileReference; fileEncoding = 4; lastKnownFileType = file.xib; path = HNTopTableView.xib; sourceTree = "<group>"; };
		685FC5491C7BE05900F562C0 /* NewsTableViewCell.swift */ = {isa = PBXFileReference; fileEncoding = 4; lastKnownFileType = sourcecode.swift; path = NewsTableViewCell.swift; sourceTree = "<group>"; };
		685FC54D1C7D250F00F562C0 /* HNNewTableViewController.swift */ = {isa = PBXFileReference; fileEncoding = 4; lastKnownFileType = sourcecode.swift; path = HNNewTableViewController.swift; sourceTree = "<group>"; };
		685FC54F1C7D252100F562C0 /* HNNewTableView.xib */ = {isa = PBXFileReference; fileEncoding = 4; lastKnownFileType = file.xib; path = HNNewTableView.xib; sourceTree = "<group>"; };
		685FC5511C7D346400F562C0 /* HNAskTableView.xib */ = {isa = PBXFileReference; fileEncoding = 4; lastKnownFileType = file.xib; path = HNAskTableView.xib; sourceTree = "<group>"; };
		685FC5531C7D347E00F562C0 /* HNAskTableViewController.swift */ = {isa = PBXFileReference; fileEncoding = 4; lastKnownFileType = sourcecode.swift; path = HNAskTableViewController.swift; sourceTree = "<group>"; };
		685FC5551C7D34A700F562C0 /* HNShowTableViewController.swift */ = {isa = PBXFileReference; fileEncoding = 4; lastKnownFileType = sourcecode.swift; path = HNShowTableViewController.swift; sourceTree = "<group>"; };
		685FC5591C7D34D200F562C0 /* HNShowTableView.xib */ = {isa = PBXFileReference; fileEncoding = 4; lastKnownFileType = file.xib; path = HNShowTableView.xib; sourceTree = "<group>"; };
		685FC55B1C7D34EB00F562C0 /* HNJobTableView.xib */ = {isa = PBXFileReference; fileEncoding = 4; lastKnownFileType = file.xib; path = HNJobTableView.xib; sourceTree = "<group>"; };
		685FC55F1C7D49E600F562C0 /* HNSavedTableView.xib */ = {isa = PBXFileReference; fileEncoding = 4; lastKnownFileType = file.xib; path = HNSavedTableView.xib; sourceTree = "<group>"; };
		685FC5621C7E901F00F562C0 /* HNData.swift */ = {isa = PBXFileReference; fileEncoding = 4; lastKnownFileType = sourcecode.swift; path = HNData.swift; sourceTree = "<group>"; };
		68B612DC1C8249E100873365 /* HNJobTableViewController.swift */ = {isa = PBXFileReference; fileEncoding = 4; lastKnownFileType = sourcecode.swift; path = HNJobTableViewController.swift; sourceTree = "<group>"; };
		68B612DE1C8249EC00873365 /* HNMainViewController.swift */ = {isa = PBXFileReference; fileEncoding = 4; lastKnownFileType = sourcecode.swift; path = HNMainViewController.swift; sourceTree = "<group>"; };
		68B612E01C824A0900873365 /* NewsTableViewCell.xib */ = {isa = PBXFileReference; fileEncoding = 4; lastKnownFileType = file.xib; path = NewsTableViewCell.xib; sourceTree = "<group>"; };
		68B612E31C824C5C00873365 /* main.png */ = {isa = PBXFileReference; lastKnownFileType = image.png; path = main.png; sourceTree = "<group>"; };
		68B612E41C824C5C00873365 /* safari.png */ = {isa = PBXFileReference; lastKnownFileType = image.png; path = safari.png; sourceTree = "<group>"; };
		80776AD98A53656BE818E820 /* Pods_HNews.framework */ = {isa = PBXFileReference; explicitFileType = wrapper.framework; includeInIndex = 0; path = Pods_HNews.framework; sourceTree = BUILT_PRODUCTS_DIR; };
		8D4A8104BCAB3F77FA239DE9 /* Pods-HNews.debug.xcconfig */ = {isa = PBXFileReference; includeInIndex = 1; lastKnownFileType = text.xcconfig; name = "Pods-HNews.debug.xcconfig"; path = "Pods/Target Support Files/Pods-HNews/Pods-HNews.debug.xcconfig"; sourceTree = "<group>"; };
		BEDBFD0AB7858E96DA86B68E /* Pods-HNews.release.xcconfig */ = {isa = PBXFileReference; includeInIndex = 1; lastKnownFileType = text.xcconfig; name = "Pods-HNews.release.xcconfig"; path = "Pods/Target Support Files/Pods-HNews/Pods-HNews.release.xcconfig"; sourceTree = "<group>"; };
/* End PBXFileReference section */

/* Begin PBXFrameworksBuildPhase section */
		685FC5231C7BDDCF00F562C0 /* Frameworks */ = {
			isa = PBXFrameworksBuildPhase;
			buildActionMask = 2147483647;
			files = (
				885E1712F0B15486793512F8 /* Pods_HNews.framework in Frameworks */,
			);
			runOnlyForDeploymentPostprocessing = 0;
		};
/* End PBXFrameworksBuildPhase section */

/* Begin PBXGroup section */
		14153F5CAABFC564843932D5 /* Frameworks */ = {
			isa = PBXGroup;
			children = (
				80776AD98A53656BE818E820 /* Pods_HNews.framework */,
			);
			name = Frameworks;
			sourceTree = "<group>";
		};
		2C7BB479ADD5B8AAFCBE5525 /* Pods */ = {
			isa = PBXGroup;
			children = (
				8D4A8104BCAB3F77FA239DE9 /* Pods-HNews.debug.xcconfig */,
				BEDBFD0AB7858E96DA86B68E /* Pods-HNews.release.xcconfig */,
			);
			name = Pods;
			sourceTree = "<group>";
		};
		685FC51D1C7BDDCF00F562C0 = {
			isa = PBXGroup;
			children = (
				685FC5281C7BDDCF00F562C0 /* HNews */,
				685FC5271C7BDDCF00F562C0 /* Products */,
				2C7BB479ADD5B8AAFCBE5525 /* Pods */,
				14153F5CAABFC564843932D5 /* Frameworks */,
			);
			sourceTree = "<group>";
		};
		685FC5271C7BDDCF00F562C0 /* Products */ = {
			isa = PBXGroup;
			children = (
				685FC5261C7BDDCF00F562C0 /* HNews.app */,
			);
			name = Products;
			sourceTree = "<group>";
		};
		685FC5281C7BDDCF00F562C0 /* HNews */ = {
			isa = PBXGroup;
			children = (
				68B612E21C824C3F00873365 /* Screenshots */,
				685FC5611C7E8FE100F562C0 /* Model */,
				685FC5401C7BDE4900F562C0 /* Cells */,
				685FC53F1C7BDE3F00F562C0 /* ViewControllers */,
				685FC53E1C7BDE3000F562C0 /* Views */,
				685FC53B1C7BDE0200F562C0 /* CAPSPageMenu */,
				685FC5291C7BDDCF00F562C0 /* AppDelegate.swift */,
				685FC52D1C7BDDCF00F562C0 /* Main.storyboard */,
				685FC5301C7BDDCF00F562C0 /* Assets.xcassets */,
				685FC5321C7BDDCF00F562C0 /* LaunchScreen.storyboard */,
				685FC5351C7BDDCF00F562C0 /* Info.plist */,
			);
			path = HNews;
			sourceTree = "<group>";
		};
		685FC53B1C7BDE0200F562C0 /* CAPSPageMenu */ = {
			isa = PBXGroup;
			children = (
				685FC53C1C7BDE2100F562C0 /* CAPSPageMenu.swift */,
			);
			name = CAPSPageMenu;
			sourceTree = "<group>";
		};
		685FC53E1C7BDE3000F562C0 /* Views */ = {
			isa = PBXGroup;
			children = (
				685FC5451C7BDF2E00F562C0 /* HNTopTableView.xib */,
				685FC54F1C7D252100F562C0 /* HNNewTableView.xib */,
				685FC5511C7D346400F562C0 /* HNAskTableView.xib */,
				685FC5591C7D34D200F562C0 /* HNShowTableView.xib */,
				685FC55B1C7D34EB00F562C0 /* HNJobTableView.xib */,
				685FC55F1C7D49E600F562C0 /* HNSavedTableView.xib */,
			);
			name = Views;
			sourceTree = "<group>";
		};
		685FC53F1C7BDE3F00F562C0 /* ViewControllers */ = {
			isa = PBXGroup;
			children = (
				68B612DE1C8249EC00873365 /* HNMainViewController.swift */,
				685FC5431C7BDEDA00F562C0 /* HNTopTableViewController.swift */,
				685FC54D1C7D250F00F562C0 /* HNNewTableViewController.swift */,
				685FC5531C7D347E00F562C0 /* HNAskTableViewController.swift */,
				685FC5551C7D34A700F562C0 /* HNShowTableViewController.swift */,
				68B612DC1C8249E100873365 /* HNJobTableViewController.swift */,
			);
			name = ViewControllers;
			sourceTree = "<group>";
		};
		685FC5401C7BDE4900F562C0 /* Cells */ = {
			isa = PBXGroup;
			children = (
				685FC5491C7BE05900F562C0 /* NewsTableViewCell.swift */,
				68B612E01C824A0900873365 /* NewsTableViewCell.xib */,
			);
			name = Cells;
			sourceTree = "<group>";
		};
		685FC5611C7E8FE100F562C0 /* Model */ = {
			isa = PBXGroup;
			children = (
				685FC5621C7E901F00F562C0 /* HNData.swift */,
			);
			name = Model;
			sourceTree = "<group>";
		};
		68B612E21C824C3F00873365 /* Screenshots */ = {
			isa = PBXGroup;
			children = (
				68B612E31C824C5C00873365 /* main.png */,
				68B612E41C824C5C00873365 /* safari.png */,
			);
			name = Screenshots;
			sourceTree = "<group>";
		};
/* End PBXGroup section */

/* Begin PBXNativeTarget section */
		685FC5251C7BDDCF00F562C0 /* HNews */ = {
			isa = PBXNativeTarget;
			buildConfigurationList = 685FC5381C7BDDCF00F562C0 /* Build configuration list for PBXNativeTarget "HNews" */;
			buildPhases = (
				1DD5159B68AC12987CFF6FBC /* Check Pods Manifest.lock */,
				685FC5221C7BDDCF00F562C0 /* Sources */,
				685FC5231C7BDDCF00F562C0 /* Frameworks */,
				685FC5241C7BDDCF00F562C0 /* Resources */,
				0ED897E1539102ED7514C74C /* Embed Pods Frameworks */,
				1B29C17D13FB56D085BE5415 /* Copy Pods Resources */,
			);
			buildRules = (
			);
			dependencies = (
			);
			name = HNews;
			productName = HNews;
			productReference = 685FC5261C7BDDCF00F562C0 /* HNews.app */;
			productType = "com.apple.product-type.application";
		};
/* End PBXNativeTarget section */

/* Begin PBXProject section */
		685FC51E1C7BDDCF00F562C0 /* Project object */ = {
			isa = PBXProject;
			attributes = {
				LastSwiftUpdateCheck = 0720;
				LastUpgradeCheck = 0720;
				ORGANIZATIONNAME = Ariunjargal;
				TargetAttributes = {
					685FC5251C7BDDCF00F562C0 = {
						CreatedOnToolsVersion = 7.2.1;
						DevelopmentTeam = UDBQ493C9D;
					};
				};
			};
			buildConfigurationList = 685FC5211C7BDDCF00F562C0 /* Build configuration list for PBXProject "HNews" */;
			compatibilityVersion = "Xcode 3.2";
			developmentRegion = English;
			hasScannedForEncodings = 0;
			knownRegions = (
				en,
				Base,
			);
			mainGroup = 685FC51D1C7BDDCF00F562C0;
			productRefGroup = 685FC5271C7BDDCF00F562C0 /* Products */;
			projectDirPath = "";
			projectRoot = "";
			targets = (
				685FC5251C7BDDCF00F562C0 /* HNews */,
			);
		};
/* End PBXProject section */

/* Begin PBXResourcesBuildPhase section */
		685FC5241C7BDDCF00F562C0 /* Resources */ = {
			isa = PBXResourcesBuildPhase;
			buildActionMask = 2147483647;
			files = (
				685FC5501C7D252100F562C0 /* HNNewTableView.xib in Resources */,
				685FC5601C7D49E600F562C0 /* HNSavedTableView.xib in Resources */,
				685FC5341C7BDDCF00F562C0 /* LaunchScreen.storyboard in Resources */,
				685FC5311C7BDDCF00F562C0 /* Assets.xcassets in Resources */,
				68B612E11C824A0900873365 /* NewsTableViewCell.xib in Resources */,
				685FC52F1C7BDDCF00F562C0 /* Main.storyboard in Resources */,
				685FC5461C7BDF2E00F562C0 /* HNTopTableView.xib in Resources */,
				685FC5521C7D346400F562C0 /* HNAskTableView.xib in Resources */,
				685FC55A1C7D34D200F562C0 /* HNShowTableView.xib in Resources */,
				68B612E51C824C5C00873365 /* main.png in Resources */,
				685FC55C1C7D34EB00F562C0 /* HNJobTableView.xib in Resources */,
				68B612E61C824C5C00873365 /* safari.png in Resources */,
			);
			runOnlyForDeploymentPostprocessing = 0;
		};
/* End PBXResourcesBuildPhase section */

/* Begin PBXShellScriptBuildPhase section */
		0ED897E1539102ED7514C74C /* Embed Pods Frameworks */ = {
			isa = PBXShellScriptBuildPhase;
			buildActionMask = 2147483647;
			files = (
			);
			inputPaths = (
			);
			name = "Embed Pods Frameworks";
			outputPaths = (
			);
			runOnlyForDeploymentPostprocessing = 0;
			shellPath = /bin/sh;
			shellScript = "\"${SRCROOT}/Pods/Target Support Files/Pods-HNews/Pods-HNews-frameworks.sh\"\n";
			showEnvVarsInLog = 0;
		};
		1B29C17D13FB56D085BE5415 /* Copy Pods Resources */ = {
			isa = PBXShellScriptBuildPhase;
			buildActionMask = 2147483647;
			files = (
			);
			inputPaths = (
			);
			name = "Copy Pods Resources";
			outputPaths = (
			);
			runOnlyForDeploymentPostprocessing = 0;
			shellPath = /bin/sh;
			shellScript = "\"${SRCROOT}/Pods/Target Support Files/Pods-HNews/Pods-HNews-resources.sh\"\n";
			showEnvVarsInLog = 0;
		};
		1DD5159B68AC12987CFF6FBC /* Check Pods Manifest.lock */ = {
			isa = PBXShellScriptBuildPhase;
			buildActionMask = 2147483647;
			files = (
			);
			inputPaths = (
			);
			name = "Check Pods Manifest.lock";
			outputPaths = (
			);
			runOnlyForDeploymentPostprocessing = 0;
			shellPath = /bin/sh;
			shellScript = "diff \"${PODS_ROOT}/../Podfile.lock\" \"${PODS_ROOT}/Manifest.lock\" > /dev/null\nif [[ $? != 0 ]] ; then\n    cat << EOM\nerror: The sandbox is not in sync with the Podfile.lock. Run 'pod install' or update your CocoaPods installation.\nEOM\n    exit 1\nfi\n";
			showEnvVarsInLog = 0;
		};
/* End PBXShellScriptBuildPhase section */

/* Begin PBXSourcesBuildPhase section */
		685FC5221C7BDDCF00F562C0 /* Sources */ = {
			isa = PBXSourcesBuildPhase;
			buildActionMask = 2147483647;
			files = (
				685FC5561C7D34A700F562C0 /* HNShowTableViewController.swift in Sources */,
				68B612DD1C8249E100873365 /* HNJobTableViewController.swift in Sources */,
				685FC5541C7D347E00F562C0 /* HNAskTableViewController.swift in Sources */,
				685FC5441C7BDEDA00F562C0 /* HNTopTableViewController.swift in Sources */,
				685FC54A1C7BE05900F562C0 /* NewsTableViewCell.swift in Sources */,
				685FC5631C7E901F00F562C0 /* HNData.swift in Sources */,
				685FC52A1C7BDDCF00F562C0 /* AppDelegate.swift in Sources */,
				685FC54E1C7D250F00F562C0 /* HNNewTableViewController.swift in Sources */,
				68B612DF1C8249EC00873365 /* HNMainViewController.swift in Sources */,
				685FC53D1C7BDE2100F562C0 /* CAPSPageMenu.swift in Sources */,
			);
			runOnlyForDeploymentPostprocessing = 0;
		};
/* End PBXSourcesBuildPhase section */

/* Begin PBXVariantGroup section */
		685FC52D1C7BDDCF00F562C0 /* Main.storyboard */ = {
			isa = PBXVariantGroup;
			children = (
				685FC52E1C7BDDCF00F562C0 /* Base */,
			);
			name = Main.storyboard;
			sourceTree = "<group>";
		};
		685FC5321C7BDDCF00F562C0 /* LaunchScreen.storyboard */ = {
			isa = PBXVariantGroup;
			children = (
				685FC5331C7BDDCF00F562C0 /* Base */,
			);
			name = LaunchScreen.storyboard;
			sourceTree = "<group>";
		};
/* End PBXVariantGroup section */

/* Begin XCBuildConfiguration section */
		685FC5361C7BDDCF00F562C0 /* Debug */ = {
			isa = XCBuildConfiguration;
			buildSettings = {
				ALWAYS_SEARCH_USER_PATHS = NO;
				CLANG_CXX_LANGUAGE_STANDARD = "gnu++0x";
				CLANG_CXX_LIBRARY = "libc++";
				CLANG_ENABLE_MODULES = YES;
				CLANG_ENABLE_OBJC_ARC = YES;
				CLANG_WARN_BOOL_CONVERSION = YES;
				CLANG_WARN_CONSTANT_CONVERSION = YES;
				CLANG_WARN_DIRECT_OBJC_ISA_USAGE = YES_ERROR;
				CLANG_WARN_EMPTY_BODY = YES;
				CLANG_WARN_ENUM_CONVERSION = YES;
				CLANG_WARN_INT_CONVERSION = YES;
				CLANG_WARN_OBJC_ROOT_CLASS = YES_ERROR;
				CLANG_WARN_UNREACHABLE_CODE = YES;
				CLANG_WARN__DUPLICATE_METHOD_MATCH = YES;
				"CODE_SIGN_IDENTITY[sdk=iphoneos*]" = "iPhone Developer";
				COPY_PHASE_STRIP = NO;
				DEBUG_INFORMATION_FORMAT = dwarf;
				ENABLE_STRICT_OBJC_MSGSEND = YES;
				ENABLE_TESTABILITY = YES;
				GCC_C_LANGUAGE_STANDARD = gnu99;
				GCC_DYNAMIC_NO_PIC = NO;
				GCC_NO_COMMON_BLOCKS = YES;
				GCC_OPTIMIZATION_LEVEL = 0;
				GCC_PREPROCESSOR_DEFINITIONS = (
					"DEBUG=1",
					"$(inherited)",
				);
				GCC_WARN_64_TO_32_BIT_CONVERSION = YES;
				GCC_WARN_ABOUT_RETURN_TYPE = YES_ERROR;
				GCC_WARN_UNDECLARED_SELECTOR = YES;
				GCC_WARN_UNINITIALIZED_AUTOS = YES_AGGRESSIVE;
				GCC_WARN_UNUSED_FUNCTION = YES;
				GCC_WARN_UNUSED_VARIABLE = YES;
				IPHONEOS_DEPLOYMENT_TARGET = 9.2;
				MTL_ENABLE_DEBUG_INFO = YES;
				ONLY_ACTIVE_ARCH = YES;
				SDKROOT = iphoneos;
				SWIFT_OPTIMIZATION_LEVEL = "-Onone";
			};
			name = Debug;
		};
		685FC5371C7BDDCF00F562C0 /* Release */ = {
			isa = XCBuildConfiguration;
			buildSettings = {
				ALWAYS_SEARCH_USER_PATHS = NO;
				CLANG_CXX_LANGUAGE_STANDARD = "gnu++0x";
				CLANG_CXX_LIBRARY = "libc++";
				CLANG_ENABLE_MODULES = YES;
				CLANG_ENABLE_OBJC_ARC = YES;
				CLANG_WARN_BOOL_CONVERSION = YES;
				CLANG_WARN_CONSTANT_CONVERSION = YES;
				CLANG_WARN_DIRECT_OBJC_ISA_USAGE = YES_ERROR;
				CLANG_WARN_EMPTY_BODY = YES;
				CLANG_WARN_ENUM_CONVERSION = YES;
				CLANG_WARN_INT_CONVERSION = YES;
				CLANG_WARN_OBJC_ROOT_CLASS = YES_ERROR;
				CLANG_WARN_UNREACHABLE_CODE = YES;
				CLANG_WARN__DUPLICATE_METHOD_MATCH = YES;
				"CODE_SIGN_IDENTITY[sdk=iphoneos*]" = "iPhone Developer";
				COPY_PHASE_STRIP = NO;
				DEBUG_INFORMATION_FORMAT = "dwarf-with-dsym";
				ENABLE_NS_ASSERTIONS = NO;
				ENABLE_STRICT_OBJC_MSGSEND = YES;
				GCC_C_LANGUAGE_STANDARD = gnu99;
				GCC_NO_COMMON_BLOCKS = YES;
				GCC_WARN_64_TO_32_BIT_CONVERSION = YES;
				GCC_WARN_ABOUT_RETURN_TYPE = YES_ERROR;
				GCC_WARN_UNDECLARED_SELECTOR = YES;
				GCC_WARN_UNINITIALIZED_AUTOS = YES_AGGRESSIVE;
				GCC_WARN_UNUSED_FUNCTION = YES;
				GCC_WARN_UNUSED_VARIABLE = YES;
				IPHONEOS_DEPLOYMENT_TARGET = 9.2;
				MTL_ENABLE_DEBUG_INFO = NO;
				SDKROOT = iphoneos;
				VALIDATE_PRODUCT = YES;
			};
			name = Release;
		};
		685FC5391C7BDDCF00F562C0 /* Debug */ = {
			isa = XCBuildConfiguration;
			baseConfigurationReference = 8D4A8104BCAB3F77FA239DE9 /* Pods-HNews.debug.xcconfig */;
			buildSettings = {
				ASSETCATALOG_COMPILER_APPICON_NAME = AppIcon;
				INFOPLIST_FILE = HNews/Info.plist;
				LD_RUNPATH_SEARCH_PATHS = "$(inherited) @executable_path/Frameworks";
				PRODUCT_BUNDLE_IDENTIFIER = com.ariunjargal.HNews;
				PRODUCT_NAME = "$(TARGET_NAME)";
			};
			name = Debug;
		};
		685FC53A1C7BDDCF00F562C0 /* Release */ = {
			isa = XCBuildConfiguration;
			baseConfigurationReference = BEDBFD0AB7858E96DA86B68E /* Pods-HNews.release.xcconfig */;
			buildSettings = {
				ASSETCATALOG_COMPILER_APPICON_NAME = AppIcon;
				INFOPLIST_FILE = HNews/Info.plist;
				LD_RUNPATH_SEARCH_PATHS = "$(inherited) @executable_path/Frameworks";
				PRODUCT_BUNDLE_IDENTIFIER = com.ariunjargal.HNews;
				PRODUCT_NAME = "$(TARGET_NAME)";
			};
			name = Release;
		};
/* End XCBuildConfiguration section */

/* Begin XCConfigurationList section */
		685FC5211C7BDDCF00F562C0 /* Build configuration list for PBXProject "HNews" */ = {
			isa = XCConfigurationList;
			buildConfigurations = (
				685FC5361C7BDDCF00F562C0 /* Debug */,
				685FC5371C7BDDCF00F562C0 /* Release */,
			);
			defaultConfigurationIsVisible = 0;
			defaultConfigurationName = Release;
		};
		685FC5381C7BDDCF00F562C0 /* Build configuration list for PBXNativeTarget "HNews" */ = {
			isa = XCConfigurationList;
			buildConfigurations = (
				685FC5391C7BDDCF00F562C0 /* Debug */,
				685FC53A1C7BDDCF00F562C0 /* Release */,
			);
			defaultConfigurationIsVisible = 0;
			defaultConfigurationName = Release;
		};
/* End XCConfigurationList section */
	};
	rootObject = 685FC51E1C7BDDCF00F562C0 /* Project object */;
}
